
Microsoft Visual Studio Solution File, Format Version 12.00
# Visual Studio Version 16
VisualStudioVersion = 16.0.33927.289
MinimumVisualStudioVersion = 10.0.40219.1
Project("{FAE04EC0-301F-11D3-BF4B-00C04F79EFBC}") = "WpfApp8", "WpfApp8\WpfApp8.csproj", "{64C57041-8DCB-48D3-8CD0-32AE3FAB3717}"
EndProject
Global
	GlobalSection(SolutionConfigurationPlatforms) = preSolution
		Debug|Any CPU = Debug|Any CPU
		Release|Any CPU = Release|Any CPU
	EndGlobalSection
	GlobalSection(ProjectConfigurationPlatforms) = postSolution
		{64C57041-8DCB-48D3-8CD0-32AE3FAB3717}.Debug|Any CPU.ActiveCfg = Debug|Any CPU
		{64C57041-8DCB-48D3-8CD0-32AE3FAB3717}.Debug|Any CPU.Build.0 = Debug|Any CPU
		{64C57041-8DCB-48D3-8CD0-32AE3FAB3717}.Release|Any CPU.ActiveCfg = Release|Any CPU
		{64C57041-8DCB-48D3-8CD0-32AE3FAB3717}.Release|Any CPU.Build.0 = Release|Any CPU
	EndGlobalSection
	GlobalSection(SolutionProperties) = preSolution
		HideSolutionNode = FALSE
	EndGlobalSection
	GlobalSection(ExtensibilityGlobals) = postSolution
		SolutionGuid = {FF39EDD5-006D-49F0-84D2-02D8E826957D}
	EndGlobalSection
EndGlobal
